
Microsoft Visual Studio Solution File, Format Version 12.00
# Visual Studio Version 16
VisualStudioVersion = 16.0.30804.86
MinimumVisualStudioVersion = 10.0.40219.1
Project("{FAE04EC0-301F-11D3-BF4B-00C04F79EFBC}") = "bazinga", "bazinga\bazinga.csproj", "{9F879560-0236-46A7-A272-33E0CD8C42E6}"
EndProject
Global
	GlobalSection(SolutionConfigurationPlatforms) = preSolution
		Debug|Any CPU = Debug|Any CPU
		Release|Any CPU = Release|Any CPU
	EndGlobalSection
	GlobalSection(ProjectConfigurationPlatforms) = postSolution
		{9F879560-0236-46A7-A272-33E0CD8C42E6}.Debug|Any CPU.ActiveCfg = Debug|Any CPU
		{9F879560-0236-46A7-A272-33E0CD8C42E6}.Debug|Any CPU.Build.0 = Debug|Any CPU
		{9F879560-0236-46A7-A272-33E0CD8C42E6}.Release|Any CPU.ActiveCfg = Release|Any CPU
		{9F879560-0236-46A7-A272-33E0CD8C42E6}.Release|Any CPU.Build.0 = Release|Any CPU
	EndGlobalSection
	GlobalSection(SolutionProperties) = preSolution
		HideSolutionNode = FALSE
	EndGlobalSection
	GlobalSection(ExtensibilityGlobals) = postSolution
		SolutionGuid = {E135BE56-2E3C-415E-9E51-F571BCFB80BC}
	EndGlobalSection
EndGlobal
