
Microsoft Visual Studio Solution File, Format Version 12.00
# Visual Studio Version 16
VisualStudioVersion = 16.0.30804.86
MinimumVisualStudioVersion = 10.0.40219.1
Project("{FAE04EC0-301F-11D3-BF4B-00C04F79EFBC}") = "tempo-de-um-evento", "tempo-de-um-evento\tempo-de-um-evento.csproj", "{39186349-5009-47CE-A1EB-CB63D420A77C}"
EndProject
Global
	GlobalSection(SolutionConfigurationPlatforms) = preSolution
		Debug|Any CPU = Debug|Any CPU
		Release|Any CPU = Release|Any CPU
	EndGlobalSection
	GlobalSection(ProjectConfigurationPlatforms) = postSolution
		{39186349-5009-47CE-A1EB-CB63D420A77C}.Debug|Any CPU.ActiveCfg = Debug|Any CPU
		{39186349-5009-47CE-A1EB-CB63D420A77C}.Debug|Any CPU.Build.0 = Debug|Any CPU
		{39186349-5009-47CE-A1EB-CB63D420A77C}.Release|Any CPU.ActiveCfg = Release|Any CPU
		{39186349-5009-47CE-A1EB-CB63D420A77C}.Release|Any CPU.Build.0 = Release|Any CPU
	EndGlobalSection
	GlobalSection(SolutionProperties) = preSolution
		HideSolutionNode = FALSE
	EndGlobalSection
	GlobalSection(ExtensibilityGlobals) = postSolution
		SolutionGuid = {4BFB5621-7906-4C66-A098-FDE1CE1DA292}
	EndGlobalSection
EndGlobal
