
Microsoft Visual Studio Solution File, Format Version 12.00
# Visual Studio Version 16
VisualStudioVersion = 16.0.30804.86
MinimumVisualStudioVersion = 10.0.40219.1
Project("{FAE04EC0-301F-11D3-BF4B-00C04F79EFBC}") = "consumo-medio-do-automovel", "consumo-medio-do-automovel\consumo-medio-do-automovel.csproj", "{23CE284F-5911-401D-9860-967B485338DB}"
EndProject
Global
	GlobalSection(SolutionConfigurationPlatforms) = preSolution
		Debug|Any CPU = Debug|Any CPU
		Release|Any CPU = Release|Any CPU
	EndGlobalSection
	GlobalSection(ProjectConfigurationPlatforms) = postSolution
		{23CE284F-5911-401D-9860-967B485338DB}.Debug|Any CPU.ActiveCfg = Debug|Any CPU
		{23CE284F-5911-401D-9860-967B485338DB}.Debug|Any CPU.Build.0 = Debug|Any CPU
		{23CE284F-5911-401D-9860-967B485338DB}.Release|Any CPU.ActiveCfg = Release|Any CPU
		{23CE284F-5911-401D-9860-967B485338DB}.Release|Any CPU.Build.0 = Release|Any CPU
	EndGlobalSection
	GlobalSection(SolutionProperties) = preSolution
		HideSolutionNode = FALSE
	EndGlobalSection
	GlobalSection(ExtensibilityGlobals) = postSolution
		SolutionGuid = {AF008E99-6EA1-4D6E-B381-5093875AD4EF}
	EndGlobalSection
EndGlobal
