
Microsoft Visual Studio Solution File, Format Version 12.00
# Visual Studio Version 16
VisualStudioVersion = 16.0.30804.86
MinimumVisualStudioVersion = 10.0.40219.1
Project("{FAE04EC0-301F-11D3-BF4B-00C04F79EFBC}") = "aumento-de-salario", "aumento-de-salario\aumento-de-salario.csproj", "{73BEE541-DB25-4223-B5E4-4B6FE18237BB}"
EndProject
Global
	GlobalSection(SolutionConfigurationPlatforms) = preSolution
		Debug|Any CPU = Debug|Any CPU
		Release|Any CPU = Release|Any CPU
	EndGlobalSection
	GlobalSection(ProjectConfigurationPlatforms) = postSolution
		{73BEE541-DB25-4223-B5E4-4B6FE18237BB}.Debug|Any CPU.ActiveCfg = Debug|Any CPU
		{73BEE541-DB25-4223-B5E4-4B6FE18237BB}.Debug|Any CPU.Build.0 = Debug|Any CPU
		{73BEE541-DB25-4223-B5E4-4B6FE18237BB}.Release|Any CPU.ActiveCfg = Release|Any CPU
		{73BEE541-DB25-4223-B5E4-4B6FE18237BB}.Release|Any CPU.Build.0 = Release|Any CPU
	EndGlobalSection
	GlobalSection(SolutionProperties) = preSolution
		HideSolutionNode = FALSE
	EndGlobalSection
	GlobalSection(ExtensibilityGlobals) = postSolution
		SolutionGuid = {72465082-5B93-426E-857C-608A6BA492D1}
	EndGlobalSection
EndGlobal
